
Microsoft Visual Studio Solution File, Format Version 12.00
# Visual Studio 15
VisualStudioVersion = 15.0.26730.16
MinimumVisualStudioVersion = 10.0.40219.1
Project("{FAE04EC0-301F-11D3-BF4B-00C04F79EFBC}") = "Interface", "Interface\Interface.csproj", "{B0C965D1-3952-4ACA-86A6-61C93DADFD58}"
EndProject
Global
	GlobalSection(SolutionConfigurationPlatforms) = preSolution
		Debug|Any CPU = Debug|Any CPU
		Release|Any CPU = Release|Any CPU
	EndGlobalSection
	GlobalSection(ProjectConfigurationPlatforms) = postSolution
		{B0C965D1-3952-4ACA-86A6-61C93DADFD58}.Debug|Any CPU.ActiveCfg = Debug|Any CPU
		{B0C965D1-3952-4ACA-86A6-61C93DADFD58}.Debug|Any CPU.Build.0 = Debug|Any CPU
		{B0C965D1-3952-4ACA-86A6-61C93DADFD58}.Release|Any CPU.ActiveCfg = Release|Any CPU
		{B0C965D1-3952-4ACA-86A6-61C93DADFD58}.Release|Any CPU.Build.0 = Release|Any CPU
	EndGlobalSection
	GlobalSection(SolutionProperties) = preSolution
		HideSolutionNode = FALSE
	EndGlobalSection
	GlobalSection(ExtensibilityGlobals) = postSolution
		SolutionGuid = {EC399A91-44CB-47A5-ABA5-25607A648FD1}
	EndGlobalSection
EndGlobal
