
Microsoft Visual Studio Solution File, Format Version 12.00
# Visual Studio 15
VisualStudioVersion = 15.0.26730.16
MinimumVisualStudioVersion = 10.0.40219.1
Project("{FAE04EC0-301F-11D3-BF4B-00C04F79EFBC}") = "Abstract Class Demo", "Abstract Class Demo\Abstract Class Demo.csproj", "{91EFBA46-73B9-44AF-80E6-A1AAE5019D4F}"
EndProject
Global
	GlobalSection(SolutionConfigurationPlatforms) = preSolution
		Debug|Any CPU = Debug|Any CPU
		Release|Any CPU = Release|Any CPU
	EndGlobalSection
	GlobalSection(ProjectConfigurationPlatforms) = postSolution
		{91EFBA46-73B9-44AF-80E6-A1AAE5019D4F}.Debug|Any CPU.ActiveCfg = Debug|Any CPU
		{91EFBA46-73B9-44AF-80E6-A1AAE5019D4F}.Debug|Any CPU.Build.0 = Debug|Any CPU
		{91EFBA46-73B9-44AF-80E6-A1AAE5019D4F}.Release|Any CPU.ActiveCfg = Release|Any CPU
		{91EFBA46-73B9-44AF-80E6-A1AAE5019D4F}.Release|Any CPU.Build.0 = Release|Any CPU
	EndGlobalSection
	GlobalSection(SolutionProperties) = preSolution
		HideSolutionNode = FALSE
	EndGlobalSection
	GlobalSection(ExtensibilityGlobals) = postSolution
		SolutionGuid = {477546E9-0F93-4809-806F-DC4020ABAF9D}
	EndGlobalSection
EndGlobal
