
Microsoft Visual Studio Solution File, Format Version 12.00
# Visual Studio 15
VisualStudioVersion = 15.0.26730.16
MinimumVisualStudioVersion = 10.0.40219.1
Project("{FAE04EC0-301F-11D3-BF4B-00C04F79EFBC}") = "SampledataBase", "SampledataBase\SampledataBase.csproj", "{13ED6C2E-6E79-4154-80BA-9700C4095B0E}"
EndProject
Project("{FAE04EC0-301F-11D3-BF4B-00C04F79EFBC}") = "DataAdapter", "DataAdapter\DataAdapter.csproj", "{94144403-412E-4C11-A263-F6FF6D04F1D3}"
EndProject
Project("{FAE04EC0-301F-11D3-BF4B-00C04F79EFBC}") = "DataAccess", "DataAccess\DataAccess.csproj", "{18D34DC9-4AFE-46D9-9056-5C2E2258275E}"
EndProject
Global
	GlobalSection(SolutionConfigurationPlatforms) = preSolution
		Debug|Any CPU = Debug|Any CPU
		Release|Any CPU = Release|Any CPU
	EndGlobalSection
	GlobalSection(ProjectConfigurationPlatforms) = postSolution
		{13ED6C2E-6E79-4154-80BA-9700C4095B0E}.Debug|Any CPU.ActiveCfg = Debug|Any CPU
		{13ED6C2E-6E79-4154-80BA-9700C4095B0E}.Debug|Any CPU.Build.0 = Debug|Any CPU
		{13ED6C2E-6E79-4154-80BA-9700C4095B0E}.Release|Any CPU.ActiveCfg = Release|Any CPU
		{13ED6C2E-6E79-4154-80BA-9700C4095B0E}.Release|Any CPU.Build.0 = Release|Any CPU
		{94144403-412E-4C11-A263-F6FF6D04F1D3}.Debug|Any CPU.ActiveCfg = Debug|Any CPU
		{94144403-412E-4C11-A263-F6FF6D04F1D3}.Debug|Any CPU.Build.0 = Debug|Any CPU
		{94144403-412E-4C11-A263-F6FF6D04F1D3}.Release|Any CPU.ActiveCfg = Release|Any CPU
		{94144403-412E-4C11-A263-F6FF6D04F1D3}.Release|Any CPU.Build.0 = Release|Any CPU
		{18D34DC9-4AFE-46D9-9056-5C2E2258275E}.Debug|Any CPU.ActiveCfg = Debug|Any CPU
		{18D34DC9-4AFE-46D9-9056-5C2E2258275E}.Debug|Any CPU.Build.0 = Debug|Any CPU
		{18D34DC9-4AFE-46D9-9056-5C2E2258275E}.Release|Any CPU.ActiveCfg = Release|Any CPU
		{18D34DC9-4AFE-46D9-9056-5C2E2258275E}.Release|Any CPU.Build.0 = Release|Any CPU
	EndGlobalSection
	GlobalSection(SolutionProperties) = preSolution
		HideSolutionNode = FALSE
	EndGlobalSection
	GlobalSection(ExtensibilityGlobals) = postSolution
		SolutionGuid = {63A418C9-D8A5-4526-92AA-54A3FE0B82F8}
	EndGlobalSection
EndGlobal
