
Microsoft Visual Studio Solution File, Format Version 12.00
# Visual Studio 15
VisualStudioVersion = 15.0.26730.16
MinimumVisualStudioVersion = 10.0.40219.1
Project("{FAE04EC0-301F-11D3-BF4B-00C04F79EFBC}") = "DelegateAssignment", "DelegateAssignment\DelegateAssignment.csproj", "{BCFF7E6F-37AE-4452-87C7-3BFDCE6C2DF0}"
EndProject
Global
	GlobalSection(SolutionConfigurationPlatforms) = preSolution
		Debug|Any CPU = Debug|Any CPU
		Release|Any CPU = Release|Any CPU
	EndGlobalSection
	GlobalSection(ProjectConfigurationPlatforms) = postSolution
		{BCFF7E6F-37AE-4452-87C7-3BFDCE6C2DF0}.Debug|Any CPU.ActiveCfg = Debug|Any CPU
		{BCFF7E6F-37AE-4452-87C7-3BFDCE6C2DF0}.Debug|Any CPU.Build.0 = Debug|Any CPU
		{BCFF7E6F-37AE-4452-87C7-3BFDCE6C2DF0}.Release|Any CPU.ActiveCfg = Release|Any CPU
		{BCFF7E6F-37AE-4452-87C7-3BFDCE6C2DF0}.Release|Any CPU.Build.0 = Release|Any CPU
	EndGlobalSection
	GlobalSection(SolutionProperties) = preSolution
		HideSolutionNode = FALSE
	EndGlobalSection
	GlobalSection(ExtensibilityGlobals) = postSolution
		SolutionGuid = {1F65517C-26F4-44D9-9D04-FE3D2708EEA5}
	EndGlobalSection
EndGlobal
