
Microsoft Visual Studio Solution File, Format Version 12.00
# Visual Studio 15
VisualStudioVersion = 15.0.26730.16
MinimumVisualStudioVersion = 10.0.40219.1
Project("{FAE04EC0-301F-11D3-BF4B-00C04F79EFBC}") = "Functions", "Functions\Functions.csproj", "{DBFB4EBE-0FB8-4EDB-827D-FC6A68DB3A37}"
EndProject
Global
	GlobalSection(SolutionConfigurationPlatforms) = preSolution
		Debug|Any CPU = Debug|Any CPU
		Release|Any CPU = Release|Any CPU
	EndGlobalSection
	GlobalSection(ProjectConfigurationPlatforms) = postSolution
		{DBFB4EBE-0FB8-4EDB-827D-FC6A68DB3A37}.Debug|Any CPU.ActiveCfg = Debug|Any CPU
		{DBFB4EBE-0FB8-4EDB-827D-FC6A68DB3A37}.Debug|Any CPU.Build.0 = Debug|Any CPU
		{DBFB4EBE-0FB8-4EDB-827D-FC6A68DB3A37}.Release|Any CPU.ActiveCfg = Release|Any CPU
		{DBFB4EBE-0FB8-4EDB-827D-FC6A68DB3A37}.Release|Any CPU.Build.0 = Release|Any CPU
	EndGlobalSection
	GlobalSection(SolutionProperties) = preSolution
		HideSolutionNode = FALSE
	EndGlobalSection
	GlobalSection(ExtensibilityGlobals) = postSolution
		SolutionGuid = {070D3937-AD92-40AF-8191-1CFCB81D7E13}
	EndGlobalSection
EndGlobal
