
Microsoft Visual Studio Solution File, Format Version 12.00
# Visual Studio 15
VisualStudioVersion = 15.0.26730.16
MinimumVisualStudioVersion = 10.0.40219.1
Project("{FAE04EC0-301F-11D3-BF4B-00C04F79EFBC}") = "ThreadPriorityApp", "ThreadPriorityApp\ThreadPriorityApp.csproj", "{6876FD42-B27E-4811-882B-11AB08185B53}"
EndProject
Global
	GlobalSection(SolutionConfigurationPlatforms) = preSolution
		Debug|Any CPU = Debug|Any CPU
		Release|Any CPU = Release|Any CPU
	EndGlobalSection
	GlobalSection(ProjectConfigurationPlatforms) = postSolution
		{6876FD42-B27E-4811-882B-11AB08185B53}.Debug|Any CPU.ActiveCfg = Debug|Any CPU
		{6876FD42-B27E-4811-882B-11AB08185B53}.Debug|Any CPU.Build.0 = Debug|Any CPU
		{6876FD42-B27E-4811-882B-11AB08185B53}.Release|Any CPU.ActiveCfg = Release|Any CPU
		{6876FD42-B27E-4811-882B-11AB08185B53}.Release|Any CPU.Build.0 = Release|Any CPU
	EndGlobalSection
	GlobalSection(SolutionProperties) = preSolution
		HideSolutionNode = FALSE
	EndGlobalSection
	GlobalSection(ExtensibilityGlobals) = postSolution
		SolutionGuid = {BC6B7908-7DBE-40FA-B73A-5D0730783FE4}
	EndGlobalSection
EndGlobal
