
Microsoft Visual Studio Solution File, Format Version 12.00
# Visual Studio 15
VisualStudioVersion = 15.0.26730.16
MinimumVisualStudioVersion = 10.0.40219.1
Project("{FAE04EC0-301F-11D3-BF4B-00C04F79EFBC}") = "ThreadLockingApp", "ThreadLockingApp\ThreadLockingApp.csproj", "{ACF87012-FC84-4EC2-8873-BA00B910817E}"
EndProject
Global
	GlobalSection(SolutionConfigurationPlatforms) = preSolution
		Debug|Any CPU = Debug|Any CPU
		Release|Any CPU = Release|Any CPU
	EndGlobalSection
	GlobalSection(ProjectConfigurationPlatforms) = postSolution
		{ACF87012-FC84-4EC2-8873-BA00B910817E}.Debug|Any CPU.ActiveCfg = Debug|Any CPU
		{ACF87012-FC84-4EC2-8873-BA00B910817E}.Debug|Any CPU.Build.0 = Debug|Any CPU
		{ACF87012-FC84-4EC2-8873-BA00B910817E}.Release|Any CPU.ActiveCfg = Release|Any CPU
		{ACF87012-FC84-4EC2-8873-BA00B910817E}.Release|Any CPU.Build.0 = Release|Any CPU
	EndGlobalSection
	GlobalSection(SolutionProperties) = preSolution
		HideSolutionNode = FALSE
	EndGlobalSection
	GlobalSection(ExtensibilityGlobals) = postSolution
		SolutionGuid = {00097913-66BF-4F76-BB9B-AA3F4BBB56F8}
	EndGlobalSection
EndGlobal
