
Microsoft Visual Studio Solution File, Format Version 12.00
# Visual Studio 15
VisualStudioVersion = 15.0.26730.16
MinimumVisualStudioVersion = 10.0.40219.1
Project("{FAE04EC0-301F-11D3-BF4B-00C04F79EFBC}") = "AssesmentCodeFirstDay2", "AssesmentCodeFirstDay2\AssesmentCodeFirstDay2.csproj", "{3A148D6B-ACB6-45B6-ACC6-B73DD31EC845}"
EndProject
Global
	GlobalSection(SolutionConfigurationPlatforms) = preSolution
		Debug|Any CPU = Debug|Any CPU
		Release|Any CPU = Release|Any CPU
	EndGlobalSection
	GlobalSection(ProjectConfigurationPlatforms) = postSolution
		{3A148D6B-ACB6-45B6-ACC6-B73DD31EC845}.Debug|Any CPU.ActiveCfg = Debug|Any CPU
		{3A148D6B-ACB6-45B6-ACC6-B73DD31EC845}.Debug|Any CPU.Build.0 = Debug|Any CPU
		{3A148D6B-ACB6-45B6-ACC6-B73DD31EC845}.Release|Any CPU.ActiveCfg = Release|Any CPU
		{3A148D6B-ACB6-45B6-ACC6-B73DD31EC845}.Release|Any CPU.Build.0 = Release|Any CPU
	EndGlobalSection
	GlobalSection(SolutionProperties) = preSolution
		HideSolutionNode = FALSE
	EndGlobalSection
	GlobalSection(ExtensibilityGlobals) = postSolution
		SolutionGuid = {7B578D53-2EC3-428D-9311-279AB286E496}
	EndGlobalSection
EndGlobal
